{
  "name": "test",
  "version": "1.0.0",
  "lockfileVersion": 1,
  "requires": true,
  "dependencies": {
    "clone": {
      "version": "0.1.11",
      "resolved": "https://registry.npmjs.org/clone/-/clone-0.1.11.tgz",
      "integrity": "sha1-QIt9F3PrDfvy3bFWwcRxcMF+OpY="
    },
    "discover": {
      "version": "0.4.3",
      "resolved": "https://registry.npmjs.org/discover/-/discover-0.4.3.tgz",
      "integrity": "sha1-G1jn8ZTtrCrYU3TKX2jgyKmQfhA=",
      "requires": {
        "clone": "0.1.11",
        "discover-tcp-transport": "4.0.1",
        "k-bucket": "0.4.0",
        "lru-cache": "2.5.0"
      }
    },
    "discover-tcp-transport": {
      "version": "4.0.1",
      "resolved": "https://registry.npmjs.org/discover-tcp-transport/-/discover-tcp-transport-4.0.1.tgz",
      "integrity": "sha1-PCI8nbFc7JQvTcWUzUxPbKmPb9E="
    },
    "events": {
      "version": "1.1.1",
      "resolved": "https://registry.npmjs.org/events/-/events-1.1.1.tgz",
      "integrity": "sha1-nr23Y1rQmccNzEwqH1AEKI6L2SQ="
    },
    "k-bucket": {
      "version": "0.4.0",
      "resolved": "https://registry.npmjs.org/k-bucket/-/k-bucket-0.4.0.tgz",
      "integrity": "sha1-3eQD98sUn9K2MpLeo4rnjnqXNW0="
    },
    "lru-cache": {
      "version": "2.5.0",
      "resolved": "https://registry.npmjs.org/lru-cache/-/lru-cache-2.5.0.tgz",
      "integrity": "sha1-2COIrpyWC+y+oMc7uet5tsbOmus="
    }
  }
}
